
Microsoft Visual Studio Solution File, Format Version 12.00
# Visual Studio Version 17
VisualStudioVersion = 17.5.002.0
MinimumVisualStudioVersion = 10.0.40219.1
Project("{9A19103F-16F7-4668-BE54-9A1E7A4F7556}") = "exercicio02", "exercicio02\exercicio02.csproj", "{E6B45DC3-FE0C-42C4-B9D9-0D1760912EFC}"
EndProject
Project("{9A19103F-16F7-4668-BE54-9A1E7A4F7556}") = "exercicio1", "exercicio1\exercicio1.csproj", "{A807838A-865D-490E-AD8B-CB7ED6DAC179}"
EndProject
Global
	GlobalSection(SolutionConfigurationPlatforms) = preSolution
		Debug|Any CPU = Debug|Any CPU
		Release|Any CPU = Release|Any CPU
	EndGlobalSection
	GlobalSection(ProjectConfigurationPlatforms) = postSolution
		{E6B45DC3-FE0C-42C4-B9D9-0D1760912EFC}.Debug|Any CPU.ActiveCfg = Debug|Any CPU
		{E6B45DC3-FE0C-42C4-B9D9-0D1760912EFC}.Debug|Any CPU.Build.0 = Debug|Any CPU
		{E6B45DC3-FE0C-42C4-B9D9-0D1760912EFC}.Release|Any CPU.ActiveCfg = Release|Any CPU
		{E6B45DC3-FE0C-42C4-B9D9-0D1760912EFC}.Release|Any CPU.Build.0 = Release|Any CPU
		{A807838A-865D-490E-AD8B-CB7ED6DAC179}.Debug|Any CPU.ActiveCfg = Debug|Any CPU
		{A807838A-865D-490E-AD8B-CB7ED6DAC179}.Debug|Any CPU.Build.0 = Debug|Any CPU
		{A807838A-865D-490E-AD8B-CB7ED6DAC179}.Release|Any CPU.ActiveCfg = Release|Any CPU
		{A807838A-865D-490E-AD8B-CB7ED6DAC179}.Release|Any CPU.Build.0 = Release|Any CPU
	EndGlobalSection
	GlobalSection(SolutionProperties) = preSolution
		HideSolutionNode = FALSE
	EndGlobalSection
	GlobalSection(ExtensibilityGlobals) = postSolution
		SolutionGuid = {764CFD0B-9EC1-44AB-A44E-4C3BA6B7D297}
	EndGlobalSection
EndGlobal
